
Microsoft Visual Studio Solution File, Format Version 12.00
# Visual Studio Version 17
VisualStudioVersion = 17.3.32825.248
MinimumVisualStudioVersion = 10.0.40219.1
Project("{FAE04EC0-301F-11D3-BF4B-00C04F79EFBC}") = "HelloGit_B1B2", "HelloGit_B1B2\HelloGit_B1B2.csproj", "{F5C56DCB-22C6-4E56-BAEF-97576D9E6F55}"
EndProject
Global
	GlobalSection(SolutionConfigurationPlatforms) = preSolution
		Debug|Any CPU = Debug|Any CPU
		Release|Any CPU = Release|Any CPU
	EndGlobalSection
	GlobalSection(ProjectConfigurationPlatforms) = postSolution
		{F5C56DCB-22C6-4E56-BAEF-97576D9E6F55}.Debug|Any CPU.ActiveCfg = Debug|Any CPU
		{F5C56DCB-22C6-4E56-BAEF-97576D9E6F55}.Debug|Any CPU.Build.0 = Debug|Any CPU
		{F5C56DCB-22C6-4E56-BAEF-97576D9E6F55}.Release|Any CPU.ActiveCfg = Release|Any CPU
		{F5C56DCB-22C6-4E56-BAEF-97576D9E6F55}.Release|Any CPU.Build.0 = Release|Any CPU
	EndGlobalSection
	GlobalSection(SolutionProperties) = preSolution
		HideSolutionNode = FALSE
	EndGlobalSection
	GlobalSection(ExtensibilityGlobals) = postSolution
		SolutionGuid = {73EEB10E-2439-42A2-BE45-27B5665310D1}
	EndGlobalSection
EndGlobal
